// !$*UTF8*$!
{
	archiveVersion = 1;
	classes = {
	};
	objectVersion = 46;
	objects = {

/* Begin PBXBuildFile section */
		D815677A180E469300B6A82D /* Main.storyboard in Resources */ = {isa = PBXBuildFile; fileRef = D89B3BBF180D3397006E60D7 /* Main.storyboard */; };
		D89B3BAE180D3397006E60D7 /* Foundation.framework in Frameworks */ = {isa = PBXBuildFile; fileRef = D89B3BAD180D3397006E60D7 /* Foundation.framework */; };
		D89B3BB0180D3397006E60D7 /* CoreGraphics.framework in Frameworks */ = {isa = PBXBuildFile; fileRef = D89B3BAF180D3397006E60D7 /* CoreGraphics.framework */; };
		D89B3BB2180D3397006E60D7 /* UIKit.framework in Frameworks */ = {isa = PBXBuildFile; fileRef = D89B3BB1180D3397006E60D7 /* UIKit.framework */; };
		D89B3BB8180D3397006E60D7 /* InfoPlist.strings in Resources */ = {isa = PBXBuildFile; fileRef = D89B3BB6180D3397006E60D7 /* InfoPlist.strings */; };
		D89B3BBA180D3397006E60D7 /* main.m in Sources */ = {isa = PBXBuildFile; fileRef = D89B3BB9180D3397006E60D7 /* main.m */; };
		D89B3BBE180D3397006E60D7 /* AppDelegate.m in Sources */ = {isa = PBXBuildFile; fileRef = D89B3BBD180D3397006E60D7 /* AppDelegate.m */; };
		D89B3BC4180D3397006E60D7 /* ViewController.m in Sources */ = {isa = PBXBuildFile; fileRef = D89B3BC3180D3397006E60D7 /* ViewController.m */; };
		D89B3BC6180D3397006E60D7 /* Images.xcassets in Resources */ = {isa = PBXBuildFile; fileRef = D89B3BC5180D3397006E60D7 /* Images.xcassets */; };
		D89B3BCD180D3398006E60D7 /* XCTest.framework in Frameworks */ = {isa = PBXBuildFile; fileRef = D89B3BCC180D3398006E60D7 /* XCTest.framework */; };
		D89B3BCE180D3398006E60D7 /* Foundation.framework in Frameworks */ = {isa = PBXBuildFile; fileRef = D89B3BAD180D3397006E60D7 /* Foundation.framework */; };
		D89B3BCF180D3398006E60D7 /* UIKit.framework in Frameworks */ = {isa = PBXBuildFile; fileRef = D89B3BB1180D3397006E60D7 /* UIKit.framework */; };
		D89B3BD7180D3398006E60D7 /* InfoPlist.strings in Resources */ = {isa = PBXBuildFile; fileRef = D89B3BD5180D3398006E60D7 /* InfoPlist.strings */; };
		D89B3BD9180D3398006E60D7 /* DCFacebookKitTests.m in Sources */ = {isa = PBXBuildFile; fileRef = D89B3BD8180D3398006E60D7 /* DCFacebookKitTests.m */; };
		D89B3BE5180D3502006E60D7 /* FacebookSDK.framework in Frameworks */ = {isa = PBXBuildFile; fileRef = D89B3BE4180D3502006E60D7 /* FacebookSDK.framework */; };
		D89B3BE6180D3502006E60D7 /* FacebookSDK.framework in Frameworks */ = {isa = PBXBuildFile; fileRef = D89B3BE4180D3502006E60D7 /* FacebookSDK.framework */; };
		D89B3BE9180D352B006E60D7 /* DCFbKit.m in Sources */ = {isa = PBXBuildFile; fileRef = D89B3BE8180D352B006E60D7 /* DCFbKit.m */; };
		D89B3BEA180D352B006E60D7 /* DCFbKit.m in Sources */ = {isa = PBXBuildFile; fileRef = D89B3BE8180D352B006E60D7 /* DCFbKit.m */; };
		D89B3BF2180D3C46006E60D7 /* UIAlertView+Utilities.m in Sources */ = {isa = PBXBuildFile; fileRef = D89B3BF1180D3C46006E60D7 /* UIAlertView+Utilities.m */; };
		D89B3BF3180D3C46006E60D7 /* UIAlertView+Utilities.m in Sources */ = {isa = PBXBuildFile; fileRef = D89B3BF1180D3C46006E60D7 /* UIAlertView+Utilities.m */; };
		D89B3BF7180D427A006E60D7 /* AVFoundation.framework in Frameworks */ = {isa = PBXBuildFile; fileRef = D89B3BF6180D427A006E60D7 /* AVFoundation.framework */; };
		D89B3BF9180D4298006E60D7 /* Social.framework in Frameworks */ = {isa = PBXBuildFile; fileRef = D89B3BF8180D4298006E60D7 /* Social.framework */; settings = {ATTRIBUTES = (Weak, ); }; };
		D89B3BFE180D4589006E60D7 /* MBProgressHUD.m in Sources */ = {isa = PBXBuildFile; fileRef = D89B3BFB180D4589006E60D7 /* MBProgressHUD.m */; };
		D89B3BFF180D4589006E60D7 /* MBProgressHUD.m in Sources */ = {isa = PBXBuildFile; fileRef = D89B3BFB180D4589006E60D7 /* MBProgressHUD.m */; };
		D89B3C08180D4A33006E60D7 /* Main.storyboard in Resources */ = {isa = PBXBuildFile; fileRef = D89B3BBF180D3397006E60D7 /* Main.storyboard */; };
/* End PBXBuildFile section */

/* Begin PBXContainerItemProxy section */
		D89B3BD0180D3398006E60D7 /* PBXContainerItemProxy */ = {
			isa = PBXContainerItemProxy;
			containerPortal = D89B3BA2180D3397006E60D7 /* Project object */;
			proxyType = 1;
			remoteGlobalIDString = D89B3BA9180D3397006E60D7;
			remoteInfo = DCFacebookKit;
		};
/* End PBXContainerItemProxy section */

/* Begin PBXFileReference section */
		D815677B180E46A200B6A82D /* en */ = {isa = PBXFileReference; lastKnownFileType = file.storyboard; name = en; path = en.lproj/Main.storyboard; sourceTree = "<group>"; };
		D89B3BAA180D3397006E60D7 /* DCFacebookKit.app */ = {isa = PBXFileReference; explicitFileType = wrapper.application; includeInIndex = 0; path = DCFacebookKit.app; sourceTree = BUILT_PRODUCTS_DIR; };
		D89B3BAD180D3397006E60D7 /* Foundation.framework */ = {isa = PBXFileReference; lastKnownFileType = wrapper.framework; name = Foundation.framework; path = System/Library/Frameworks/Foundation.framework; sourceTree = SDKROOT; };
		D89B3BAF180D3397006E60D7 /* CoreGraphics.framework */ = {isa = PBXFileReference; lastKnownFileType = wrapper.framework; name = CoreGraphics.framework; path = System/Library/Frameworks/CoreGraphics.framework; sourceTree = SDKROOT; };
		D89B3BB1180D3397006E60D7 /* UIKit.framework */ = {isa = PBXFileReference; lastKnownFileType = wrapper.framework; name = UIKit.framework; path = System/Library/Frameworks/UIKit.framework; sourceTree = SDKROOT; };
		D89B3BB5180D3397006E60D7 /* DCFacebookKit-Info.plist */ = {isa = PBXFileReference; lastKnownFileType = text.plist.xml; path = "DCFacebookKit-Info.plist"; sourceTree = "<group>"; };
		D89B3BB7180D3397006E60D7 /* en */ = {isa = PBXFileReference; lastKnownFileType = text.plist.strings; name = en; path = en.lproj/InfoPlist.strings; sourceTree = "<group>"; };
		D89B3BB9180D3397006E60D7 /* main.m */ = {isa = PBXFileReference; lastKnownFileType = sourcecode.c.objc; path = main.m; sourceTree = "<group>"; };
		D89B3BBB180D3397006E60D7 /* DCFacebookKit-Prefix.pch */ = {isa = PBXFileReference; lastKnownFileType = sourcecode.c.h; path = "DCFacebookKit-Prefix.pch"; sourceTree = "<group>"; };
		D89B3BBC180D3397006E60D7 /* AppDelegate.h */ = {isa = PBXFileReference; lastKnownFileType = sourcecode.c.h; path = AppDelegate.h; sourceTree = "<group>"; };
		D89B3BBD180D3397006E60D7 /* AppDelegate.m */ = {isa = PBXFileReference; lastKnownFileType = sourcecode.c.objc; path = AppDelegate.m; sourceTree = "<group>"; };
		D89B3BC2180D3397006E60D7 /* ViewController.h */ = {isa = PBXFileReference; lastKnownFileType = sourcecode.c.h; path = ViewController.h; sourceTree = "<group>"; };
		D89B3BC3180D3397006E60D7 /* ViewController.m */ = {isa = PBXFileReference; lastKnownFileType = sourcecode.c.objc; path = ViewController.m; sourceTree = "<group>"; };
		D89B3BC5180D3397006E60D7 /* Images.xcassets */ = {isa = PBXFileReference; lastKnownFileType = folder.assetcatalog; path = Images.xcassets; sourceTree = "<group>"; };
		D89B3BCB180D3398006E60D7 /* DCFacebookKitTests.xctest */ = {isa = PBXFileReference; explicitFileType = wrapper.cfbundle; includeInIndex = 0; path = DCFacebookKitTests.xctest; sourceTree = BUILT_PRODUCTS_DIR; };
		D89B3BCC180D3398006E60D7 /* XCTest.framework */ = {isa = PBXFileReference; lastKnownFileType = wrapper.framework; name = XCTest.framework; path = Library/Frameworks/XCTest.framework; sourceTree = DEVELOPER_DIR; };
		D89B3BD4180D3398006E60D7 /* DCFacebookKitTests-Info.plist */ = {isa = PBXFileReference; lastKnownFileType = text.plist.xml; path = "DCFacebookKitTests-Info.plist"; sourceTree = "<group>"; };
		D89B3BD6180D3398006E60D7 /* en */ = {isa = PBXFileReference; lastKnownFileType = text.plist.strings; name = en; path = en.lproj/InfoPlist.strings; sourceTree = "<group>"; };
		D89B3BD8180D3398006E60D7 /* DCFacebookKitTests.m */ = {isa = PBXFileReference; lastKnownFileType = sourcecode.c.objc; path = DCFacebookKitTests.m; sourceTree = "<group>"; };
		D89B3BE4180D3502006E60D7 /* FacebookSDK.framework */ = {isa = PBXFileReference; lastKnownFileType = wrapper.framework; path = FacebookSDK.framework; sourceTree = "<group>"; };
		D89B3BE7180D352B006E60D7 /* DCFbKit.h */ = {isa = PBXFileReference; fileEncoding = 4; lastKnownFileType = sourcecode.c.h; path = DCFbKit.h; sourceTree = "<group>"; };
		D89B3BE8180D352B006E60D7 /* DCFbKit.m */ = {isa = PBXFileReference; fileEncoding = 4; lastKnownFileType = sourcecode.c.objc; path = DCFbKit.m; sourceTree = "<group>"; };
		D89B3BEB180D3773006E60D7 /* Macro.h */ = {isa = PBXFileReference; lastKnownFileType = sourcecode.c.h; path = Macro.h; sourceTree = "<group>"; };
		D89B3BF0180D3C46006E60D7 /* UIAlertView+Utilities.h */ = {isa = PBXFileReference; fileEncoding = 4; lastKnownFileType = sourcecode.c.h; path = "UIAlertView+Utilities.h"; sourceTree = "<group>"; };
		D89B3BF1180D3C46006E60D7 /* UIAlertView+Utilities.m */ = {isa = PBXFileReference; fileEncoding = 4; lastKnownFileType = sourcecode.c.objc; path = "UIAlertView+Utilities.m"; sourceTree = "<group>"; };
		D89B3BF6180D427A006E60D7 /* AVFoundation.framework */ = {isa = PBXFileReference; lastKnownFileType = wrapper.framework; name = AVFoundation.framework; path = System/Library/Frameworks/AVFoundation.framework; sourceTree = SDKROOT; };
		D89B3BF8180D4298006E60D7 /* Social.framework */ = {isa = PBXFileReference; lastKnownFileType = wrapper.framework; name = Social.framework; path = System/Library/Frameworks/Social.framework; sourceTree = SDKROOT; };
		D89B3BFA180D4589006E60D7 /* MBProgressHUD.h */ = {isa = PBXFileReference; fileEncoding = 4; lastKnownFileType = sourcecode.c.h; path = MBProgressHUD.h; sourceTree = "<group>"; };
		D89B3BFB180D4589006E60D7 /* MBProgressHUD.m */ = {isa = PBXFileReference; fileEncoding = 4; lastKnownFileType = sourcecode.c.objc; path = MBProgressHUD.m; sourceTree = "<group>"; };
/* End PBXFileReference section */

/* Begin PBXFrameworksBuildPhase section */
		D89B3BA7180D3397006E60D7 /* Frameworks */ = {
			isa = PBXFrameworksBuildPhase;
			buildActionMask = 2147483647;
			files = (
				D89B3BF9180D4298006E60D7 /* Social.framework in Frameworks */,
				D89B3BF7180D427A006E60D7 /* AVFoundation.framework in Frameworks */,
				D89B3BE5180D3502006E60D7 /* FacebookSDK.framework in Frameworks */,
				D89B3BB0180D3397006E60D7 /* CoreGraphics.framework in Frameworks */,
				D89B3BB2180D3397006E60D7 /* UIKit.framework in Frameworks */,
				D89B3BAE180D3397006E60D7 /* Foundation.framework in Frameworks */,
			);
			runOnlyForDeploymentPostprocessing = 0;
		};
		D89B3BC8180D3398006E60D7 /* Frameworks */ = {
			isa = PBXFrameworksBuildPhase;
			buildActionMask = 2147483647;
			files = (
				D89B3BCD180D3398006E60D7 /* XCTest.framework in Frameworks */,
				D89B3BE6180D3502006E60D7 /* FacebookSDK.framework in Frameworks */,
				D89B3BCF180D3398006E60D7 /* UIKit.framework in Frameworks */,
				D89B3BCE180D3398006E60D7 /* Foundation.framework in Frameworks */,
			);
			runOnlyForDeploymentPostprocessing = 0;
		};
/* End PBXFrameworksBuildPhase section */

/* Begin PBXGroup section */
		D89B3BA1180D3397006E60D7 = {
			isa = PBXGroup;
			children = (
				D89B3BB3180D3397006E60D7 /* DCFacebookKit */,
				D89B3BD2180D3398006E60D7 /* DCFacebookKitTests */,
				D89B3BAC180D3397006E60D7 /* Frameworks */,
				D89B3BAB180D3397006E60D7 /* Products */,
			);
			sourceTree = "<group>";
		};
		D89B3BAB180D3397006E60D7 /* Products */ = {
			isa = PBXGroup;
			children = (
				D89B3BAA180D3397006E60D7 /* DCFacebookKit.app */,
				D89B3BCB180D3398006E60D7 /* DCFacebookKitTests.xctest */,
			);
			name = Products;
			sourceTree = "<group>";
		};
		D89B3BAC180D3397006E60D7 /* Frameworks */ = {
			isa = PBXGroup;
			children = (
				D89B3BF8180D4298006E60D7 /* Social.framework */,
				D89B3BF6180D427A006E60D7 /* AVFoundation.framework */,
				D89B3BAD180D3397006E60D7 /* Foundation.framework */,
				D89B3BAF180D3397006E60D7 /* CoreGraphics.framework */,
				D89B3BB1180D3397006E60D7 /* UIKit.framework */,
				D89B3BCC180D3398006E60D7 /* XCTest.framework */,
			);
			name = Frameworks;
			sourceTree = "<group>";
		};
		D89B3BB3180D3397006E60D7 /* DCFacebookKit */ = {
			isa = PBXGroup;
			children = (
				D89B3BBC180D3397006E60D7 /* AppDelegate.h */,
				D89B3BBD180D3397006E60D7 /* AppDelegate.m */,
				D89B3BE2180D3502006E60D7 /* Classes */,
				D89B3BE3180D3502006E60D7 /* FacebookSDK */,
				D89B3BBF180D3397006E60D7 /* Main.storyboard */,
				D89B3BC2180D3397006E60D7 /* ViewController.h */,
				D89B3BC3180D3397006E60D7 /* ViewController.m */,
				D89B3BC5180D3397006E60D7 /* Images.xcassets */,
				D89B3BB4180D3397006E60D7 /* Supporting Files */,
			);
			path = DCFacebookKit;
			sourceTree = "<group>";
		};
		D89B3BB4180D3397006E60D7 /* Supporting Files */ = {
			isa = PBXGroup;
			children = (
				D89B3BB5180D3397006E60D7 /* DCFacebookKit-Info.plist */,
				D89B3BB6180D3397006E60D7 /* InfoPlist.strings */,
				D89B3BB9180D3397006E60D7 /* main.m */,
				D89B3BBB180D3397006E60D7 /* DCFacebookKit-Prefix.pch */,
				D89B3BEB180D3773006E60D7 /* Macro.h */,
			);
			name = "Supporting Files";
			sourceTree = "<group>";
		};
		D89B3BD2180D3398006E60D7 /* DCFacebookKitTests */ = {
			isa = PBXGroup;
			children = (
				D89B3BD8180D3398006E60D7 /* DCFacebookKitTests.m */,
				D89B3BD3180D3398006E60D7 /* Supporting Files */,
			);
			path = DCFacebookKitTests;
			sourceTree = "<group>";
		};
		D89B3BD3180D3398006E60D7 /* Supporting Files */ = {
			isa = PBXGroup;
			children = (
				D89B3BD4180D3398006E60D7 /* DCFacebookKitTests-Info.plist */,
				D89B3BD5180D3398006E60D7 /* InfoPlist.strings */,
			);
			name = "Supporting Files";
			sourceTree = "<group>";
		};
		D89B3BE2180D3502006E60D7 /* Classes */ = {
			isa = PBXGroup;
			children = (
				D89B3BEF180D3C46006E60D7 /* Ext */,
				D89B3BE7180D352B006E60D7 /* DCFbKit.h */,
				D89B3BE8180D352B006E60D7 /* DCFbKit.m */,
			);
			path = Classes;
			sourceTree = "<group>";
		};
		D89B3BE3180D3502006E60D7 /* FacebookSDK */ = {
			isa = PBXGroup;
			children = (
				D89B3BE4180D3502006E60D7 /* FacebookSDK.framework */,
			);
			path = FacebookSDK;
			sourceTree = "<group>";
		};
		D89B3BEF180D3C46006E60D7 /* Ext */ = {
			isa = PBXGroup;
			children = (
				D89B3BFA180D4589006E60D7 /* MBProgressHUD.h */,
				D89B3BFB180D4589006E60D7 /* MBProgressHUD.m */,
				D89B3BF0180D3C46006E60D7 /* UIAlertView+Utilities.h */,
				D89B3BF1180D3C46006E60D7 /* UIAlertView+Utilities.m */,
			);
			path = Ext;
			sourceTree = "<group>";
		};
/* End PBXGroup section */

/* Begin PBXNativeTarget section */
		D89B3BA9180D3397006E60D7 /* DCFacebookKit */ = {
			isa = PBXNativeTarget;
			buildConfigurationList = D89B3BDC180D3398006E60D7 /* Build configuration list for PBXNativeTarget "DCFacebookKit" */;
			buildPhases = (
				D89B3BA6180D3397006E60D7 /* Sources */,
				D89B3BA7180D3397006E60D7 /* Frameworks */,
				D89B3BA8180D3397006E60D7 /* Resources */,
			);
			buildRules = (
			);
			dependencies = (
			);
			name = DCFacebookKit;
			productName = DCFacebookKit;
			productReference = D89B3BAA180D3397006E60D7 /* DCFacebookKit.app */;
			productType = "com.apple.product-type.application";
		};
		D89B3BCA180D3398006E60D7 /* DCFacebookKitTests */ = {
			isa = PBXNativeTarget;
			buildConfigurationList = D89B3BDF180D3398006E60D7 /* Build configuration list for PBXNativeTarget "DCFacebookKitTests" */;
			buildPhases = (
				D89B3BC7180D3398006E60D7 /* Sources */,
				D89B3BC8180D3398006E60D7 /* Frameworks */,
				D89B3BC9180D3398006E60D7 /* Resources */,
			);
			buildRules = (
			);
			dependencies = (
				D89B3BD1180D3398006E60D7 /* PBXTargetDependency */,
			);
			name = DCFacebookKitTests;
			productName = DCFacebookKitTests;
			productReference = D89B3BCB180D3398006E60D7 /* DCFacebookKitTests.xctest */;
			productType = "com.apple.product-type.bundle.unit-test";
		};
/* End PBXNativeTarget section */

/* Begin PBXProject section */
		D89B3BA2180D3397006E60D7 /* Project object */ = {
			isa = PBXProject;
			attributes = {
				LastUpgradeCheck = 0500;
				ORGANIZATIONNAME = namnguyen;
				TargetAttributes = {
					D89B3BCA180D3398006E60D7 = {
						TestTargetID = D89B3BA9180D3397006E60D7;
					};
				};
			};
			buildConfigurationList = D89B3BA5180D3397006E60D7 /* Build configuration list for PBXProject "DCFacebookKit" */;
			compatibilityVersion = "Xcode 3.2";
			developmentRegion = English;
			hasScannedForEncodings = 0;
			knownRegions = (
				en,
				Base,
			);
			mainGroup = D89B3BA1180D3397006E60D7;
			productRefGroup = D89B3BAB180D3397006E60D7 /* Products */;
			projectDirPath = "";
			projectRoot = "";
			targets = (
				D89B3BA9180D3397006E60D7 /* DCFacebookKit */,
				D89B3BCA180D3398006E60D7 /* DCFacebookKitTests */,
			);
		};
/* End PBXProject section */

/* Begin PBXResourcesBuildPhase section */
		D89B3BA8180D3397006E60D7 /* Resources */ = {
			isa = PBXResourcesBuildPhase;
			buildActionMask = 2147483647;
			files = (
				D89B3C08180D4A33006E60D7 /* Main.storyboard in Resources */,
				D89B3BC6180D3397006E60D7 /* Images.xcassets in Resources */,
				D89B3BB8180D3397006E60D7 /* InfoPlist.strings in Resources */,
			);
			runOnlyForDeploymentPostprocessing = 0;
		};
		D89B3BC9180D3398006E60D7 /* Resources */ = {
			isa = PBXResourcesBuildPhase;
			buildActionMask = 2147483647;
			files = (
				D89B3BD7180D3398006E60D7 /* InfoPlist.strings in Resources */,
				D815677A180E469300B6A82D /* Main.storyboard in Resources */,
			);
			runOnlyForDeploymentPostprocessing = 0;
		};
/* End PBXResourcesBuildPhase section */

/* Begin PBXSourcesBuildPhase section */
		D89B3BA6180D3397006E60D7 /* Sources */ = {
			isa = PBXSourcesBuildPhase;
			buildActionMask = 2147483647;
			files = (
				D89B3BC4180D3397006E60D7 /* ViewController.m in Sources */,
				D89B3BFE180D4589006E60D7 /* MBProgressHUD.m in Sources */,
				D89B3BF2180D3C46006E60D7 /* UIAlertView+Utilities.m in Sources */,
				D89B3BBE180D3397006E60D7 /* AppDelegate.m in Sources */,
				D89B3BBA180D3397006E60D7 /* main.m in Sources */,
				D89B3BE9180D352B006E60D7 /* DCFbKit.m in Sources */,
			);
			runOnlyForDeploymentPostprocessing = 0;
		};
		D89B3BC7180D3398006E60D7 /* Sources */ = {
			isa = PBXSourcesBuildPhase;
			buildActionMask = 2147483647;
			files = (
				D89B3BD9180D3398006E60D7 /* DCFacebookKitTests.m in Sources */,
				D89B3BF3180D3C46006E60D7 /* UIAlertView+Utilities.m in Sources */,
				D89B3BEA180D352B006E60D7 /* DCFbKit.m in Sources */,
				D89B3BFF180D4589006E60D7 /* MBProgressHUD.m in Sources */,
			);
			runOnlyForDeploymentPostprocessing = 0;
		};
/* End PBXSourcesBuildPhase section */

/* Begin PBXTargetDependency section */
		D89B3BD1180D3398006E60D7 /* PBXTargetDependency */ = {
			isa = PBXTargetDependency;
			target = D89B3BA9180D3397006E60D7 /* DCFacebookKit */;
			targetProxy = D89B3BD0180D3398006E60D7 /* PBXContainerItemProxy */;
		};
/* End PBXTargetDependency section */

/* Begin PBXVariantGroup section */
		D89B3BB6180D3397006E60D7 /* InfoPlist.strings */ = {
			isa = PBXVariantGroup;
			children = (
				D89B3BB7180D3397006E60D7 /* en */,
			);
			name = InfoPlist.strings;
			sourceTree = "<group>";
		};
		D89B3BBF180D3397006E60D7 /* Main.storyboard */ = {
			isa = PBXVariantGroup;
			children = (
				D815677B180E46A200B6A82D /* en */,
			);
			name = Main.storyboard;
			sourceTree = "<group>";
		};
		D89B3BD5180D3398006E60D7 /* InfoPlist.strings */ = {
			isa = PBXVariantGroup;
			children = (
				D89B3BD6180D3398006E60D7 /* en */,
			);
			name = InfoPlist.strings;
			sourceTree = "<group>";
		};
/* End PBXVariantGroup section */

/* Begin XCBuildConfiguration section */
		D89B3BDA180D3398006E60D7 /* Debug */ = {
			isa = XCBuildConfiguration;
			buildSettings = {
				ALWAYS_SEARCH_USER_PATHS = NO;
				ARCHS = "$(ARCHS_STANDARD_INCLUDING_64_BIT)";
				CLANG_CXX_LANGUAGE_STANDARD = "gnu++0x";
				CLANG_CXX_LIBRARY = "libc++";
				CLANG_ENABLE_MODULES = YES;
				CLANG_ENABLE_OBJC_ARC = YES;
				CLANG_WARN_BOOL_CONVERSION = YES;
				CLANG_WARN_CONSTANT_CONVERSION = YES;
				CLANG_WARN_DIRECT_OBJC_ISA_USAGE = YES_ERROR;
				CLANG_WARN_EMPTY_BODY = YES;
				CLANG_WARN_ENUM_CONVERSION = YES;
				CLANG_WARN_INT_CONVERSION = YES;
				CLANG_WARN_OBJC_ROOT_CLASS = YES_ERROR;
				CLANG_WARN__DUPLICATE_METHOD_MATCH = YES;
				"CODE_SIGN_IDENTITY[sdk=iphoneos*]" = "iPhone Developer";
				COPY_PHASE_STRIP = NO;
				GCC_C_LANGUAGE_STANDARD = gnu99;
				GCC_DYNAMIC_NO_PIC = NO;
				GCC_OPTIMIZATION_LEVEL = 0;
				GCC_PREPROCESSOR_DEFINITIONS = (
					"DEBUG=1",
					"$(inherited)",
				);
				GCC_SYMBOLS_PRIVATE_EXTERN = NO;
				GCC_WARN_64_TO_32_BIT_CONVERSION = YES;
				GCC_WARN_ABOUT_RETURN_TYPE = YES_ERROR;
				GCC_WARN_UNDECLARED_SELECTOR = YES;
				GCC_WARN_UNINITIALIZED_AUTOS = YES;
				GCC_WARN_UNUSED_FUNCTION = YES;
				GCC_WARN_UNUSED_VARIABLE = YES;
				IPHONEOS_DEPLOYMENT_TARGET = 5.1;
				ONLY_ACTIVE_ARCH = YES;
				SDKROOT = iphoneos;
			};
			name = Debug;
		};
		D89B3BDB180D3398006E60D7 /* Release */ = {
			isa = XCBuildConfiguration;
			buildSettings = {
				ALWAYS_SEARCH_USER_PATHS = NO;
				ARCHS = "$(ARCHS_STANDARD_INCLUDING_64_BIT)";
				CLANG_CXX_LANGUAGE_STANDARD = "gnu++0x";
				CLANG_CXX_LIBRARY = "libc++";
				CLANG_ENABLE_MODULES = YES;
				CLANG_ENABLE_OBJC_ARC = YES;
				CLANG_WARN_BOOL_CONVERSION = YES;
				CLANG_WARN_CONSTANT_CONVERSION = YES;
				CLANG_WARN_DIRECT_OBJC_ISA_USAGE = YES_ERROR;
				CLANG_WARN_EMPTY_BODY = YES;
				CLANG_WARN_ENUM_CONVERSION = YES;
				CLANG_WARN_INT_CONVERSION = YES;
				CLANG_WARN_OBJC_ROOT_CLASS = YES_ERROR;
				CLANG_WARN__DUPLICATE_METHOD_MATCH = YES;
				"CODE_SIGN_IDENTITY[sdk=iphoneos*]" = "iPhone Developer";
				COPY_PHASE_STRIP = YES;
				ENABLE_NS_ASSERTIONS = NO;
				GCC_C_LANGUAGE_STANDARD = gnu99;
				GCC_WARN_64_TO_32_BIT_CONVERSION = YES;
				GCC_WARN_ABOUT_RETURN_TYPE = YES_ERROR;
				GCC_WARN_UNDECLARED_SELECTOR = YES;
				GCC_WARN_UNINITIALIZED_AUTOS = YES;
				GCC_WARN_UNUSED_FUNCTION = YES;
				GCC_WARN_UNUSED_VARIABLE = YES;
				IPHONEOS_DEPLOYMENT_TARGET = 5.1;
				SDKROOT = iphoneos;
				VALIDATE_PRODUCT = YES;
			};
			name = Release;
		};
		D89B3BDD180D3398006E60D7 /* Debug */ = {
			isa = XCBuildConfiguration;
			buildSettings = {
				ASSETCATALOG_COMPILER_APPICON_NAME = AppIcon;
				ASSETCATALOG_COMPILER_LAUNCHIMAGE_NAME = LaunchImage;
				FRAMEWORK_SEARCH_PATHS = (
					"$(inherited)",
					/Users/namnguyen/Documents/Project/DCFacebookKit/DCFacebookKit/FacebookSDK,
				);
				GCC_PRECOMPILE_PREFIX_HEADER = YES;
				GCC_PREFIX_HEADER = "DCFacebookKit/DCFacebookKit-Prefix.pch";
				INFOPLIST_FILE = "DCFacebookKit/DCFacebookKit-Info.plist";
				PRODUCT_NAME = "$(TARGET_NAME)";
				WRAPPER_EXTENSION = app;
			};
			name = Debug;
		};
		D89B3BDE180D3398006E60D7 /* Release */ = {
			isa = XCBuildConfiguration;
			buildSettings = {
				ASSETCATALOG_COMPILER_APPICON_NAME = AppIcon;
				ASSETCATALOG_COMPILER_LAUNCHIMAGE_NAME = LaunchImage;
				FRAMEWORK_SEARCH_PATHS = (
					"$(inherited)",
					/Users/namnguyen/Documents/Project/DCFacebookKit/DCFacebookKit/FacebookSDK,
				);
				GCC_PRECOMPILE_PREFIX_HEADER = YES;
				GCC_PREFIX_HEADER = "DCFacebookKit/DCFacebookKit-Prefix.pch";
				INFOPLIST_FILE = "DCFacebookKit/DCFacebookKit-Info.plist";
				PRODUCT_NAME = "$(TARGET_NAME)";
				WRAPPER_EXTENSION = app;
			};
			name = Release;
		};
		D89B3BE0180D3398006E60D7 /* Debug */ = {
			isa = XCBuildConfiguration;
			buildSettings = {
				ARCHS = "$(ARCHS_STANDARD_INCLUDING_64_BIT)";
				BUNDLE_LOADER = "$(BUILT_PRODUCTS_DIR)/DCFacebookKit.app/DCFacebookKit";
				FRAMEWORK_SEARCH_PATHS = (
					"$(SDKROOT)/Developer/Library/Frameworks",
					"$(inherited)",
					"$(DEVELOPER_FRAMEWORKS_DIR)",
					/Users/namnguyen/Documents/Project/DCFacebookKit/DCFacebookKit/FacebookSDK,
				);
				GCC_PRECOMPILE_PREFIX_HEADER = YES;
				GCC_PREFIX_HEADER = "DCFacebookKit/DCFacebookKit-Prefix.pch";
				GCC_PREPROCESSOR_DEFINITIONS = (
					"DEBUG=1",
					"$(inherited)",
				);
				INFOPLIST_FILE = "DCFacebookKitTests/DCFacebookKitTests-Info.plist";
				PRODUCT_NAME = "$(TARGET_NAME)";
				TEST_HOST = "$(BUNDLE_LOADER)";
				WRAPPER_EXTENSION = xctest;
			};
			name = Debug;
		};
		D89B3BE1180D3398006E60D7 /* Release */ = {
			isa = XCBuildConfiguration;
			buildSettings = {
				ARCHS = "$(ARCHS_STANDARD_INCLUDING_64_BIT)";
				BUNDLE_LOADER = "$(BUILT_PRODUCTS_DIR)/DCFacebookKit.app/DCFacebookKit";
				FRAMEWORK_SEARCH_PATHS = (
					"$(SDKROOT)/Developer/Library/Frameworks",
					"$(inherited)",
					"$(DEVELOPER_FRAMEWORKS_DIR)",
					/Users/namnguyen/Documents/Project/DCFacebookKit/DCFacebookKit/FacebookSDK,
				);
				GCC_PRECOMPILE_PREFIX_HEADER = YES;
				GCC_PREFIX_HEADER = "DCFacebookKit/DCFacebookKit-Prefix.pch";
				INFOPLIST_FILE = "DCFacebookKitTests/DCFacebookKitTests-Info.plist";
				PRODUCT_NAME = "$(TARGET_NAME)";
				TEST_HOST = "$(BUNDLE_LOADER)";
				WRAPPER_EXTENSION = xctest;
			};
			name = Release;
		};
/* End XCBuildConfiguration section */

/* Begin XCConfigurationList section */
		D89B3BA5180D3397006E60D7 /* Build configuration list for PBXProject "DCFacebookKit" */ = {
			isa = XCConfigurationList;
			buildConfigurations = (
				D89B3BDA180D3398006E60D7 /* Debug */,
				D89B3BDB180D3398006E60D7 /* Release */,
			);
			defaultConfigurationIsVisible = 0;
			defaultConfigurationName = Release;
		};
		D89B3BDC180D3398006E60D7 /* Build configuration list for PBXNativeTarget "DCFacebookKit" */ = {
			isa = XCConfigurationList;
			buildConfigurations = (
				D89B3BDD180D3398006E60D7 /* Debug */,
				D89B3BDE180D3398006E60D7 /* Release */,
			);
			defaultConfigurationIsVisible = 0;
			defaultConfigurationName = Release;
		};
		D89B3BDF180D3398006E60D7 /* Build configuration list for PBXNativeTarget "DCFacebookKitTests" */ = {
			isa = XCConfigurationList;
			buildConfigurations = (
				D89B3BE0180D3398006E60D7 /* Debug */,
				D89B3BE1180D3398006E60D7 /* Release */,
			);
			defaultConfigurationIsVisible = 0;
			defaultConfigurationName = Release;
		};
/* End XCConfigurationList section */
	};
	rootObject = D89B3BA2180D3397006E60D7 /* Project object */;
}
